<?xml version="1.0" encoding="utf-8"?>
<Project ToolsVersion="17.0" xmlns="http://schemas.microsoft.com/developer/msbuild/2003">
  <ItemGroup>
    <ClCompile Include="D:\a\Aether\Aether\src\backend\AIController.cpp">
      <Filter>Source Files</Filter>
    </ClCompile>
    <ClCompile Include="D:\a\Aether\Aether\src\backend\Core.cpp">
      <Filter>Source Files</Filter>
    </ClCompile>
    <ClCompile Include="D:\a\Aether\Aether\src\backend\EphemeralMemory.cpp">
      <Filter>Source Files</Filter>
    </ClCompile>
    <ClCompile Include="D:\a\Aether\Aether\src\backend\EventManager.cpp">
      <Filter>Source Files</Filter>
    </ClCompile>
    <ClCompile Include="D:\a\Aether\Aether\src\backend\Hooks.cpp">
      <Filter>Source Files</Filter>
    </ClCompile>
    <ClCompile Include="D:\a\Aether\Aether\src\backend\IPC.cpp">
      <Filter>Source Files</Filter>
    </ClCompile>
    <ClCompile Include="D:\a\Aether\Aether\src\backend\MemoryPatcher.cpp">
      <Filter>Source Files</Filter>
    </ClCompile>
    <ClCompile Include="D:\a\Aether\Aether\src\backend\NetworkManager.cpp">
      <Filter>Source Files</Filter>
    </ClCompile>
    <ClCompile Include="D:\a\Aether\Aether\src\backend\PolymorphicEngine.cpp">
      <Filter>Source Files</Filter>
    </ClCompile>
    <ClCompile Include="D:\a\Aether\Aether\src\backend\SecurityManager.cpp">
      <Filter>Source Files</Filter>
    </ClCompile>
    <ClCompile Include="D:\a\Aether\Aether\src\backend\antidetect\AntiDetection.cpp">
      <Filter>Source Files</Filter>
    </ClCompile>
    <ClCompile Include="D:\a\Aether\Aether\src\backend\ipc\NamedPipeServer.cpp">
      <Filter>Source Files</Filter>
    </ClCompile>
    <ClCompile Include="D:\a\Aether\Aether\src\backend\ipc\Steganography.cpp">
      <Filter>Source Files</Filter>
    </ClCompile>
    <ClCompile Include="D:\a\Aether\Aether\src\backend\memory\MemoryProtection.cpp">
      <Filter>Source Files</Filter>
    </ClCompile>
    <ClCompile Include="D:\a\Aether\Aether\src\backend\ml\BehavioralCloner.cpp">
      <Filter>Source Files</Filter>
    </ClCompile>
    <ClCompile Include="D:\a\Aether\Aether\src\backend\ml\MLPrimitives.cpp">
      <Filter>Source Files</Filter>
    </ClCompile>
    <ClCompile Include="D:\a\Aether\Aether\src\backend\ml\NeuralObfuscator.cpp">
      <Filter>Source Files</Filter>
    </ClCompile>
    <ClCompile Include="D:\a\Aether\Aether\src\backend\ml\PatternDetector.cpp">
      <Filter>Source Files</Filter>
    </ClCompile>
    <ClCompile Include="D:\a\Aether\Aether\src\backend\security\SecurityAudit.cpp">
      <Filter>Source Files</Filter>
    </ClCompile>
    <ClCompile Include="D:\a\Aether\Aether\src\backend\security\SecurityHardening.cpp">
      <Filter>Source Files</Filter>
    </ClCompile>
    <ClCompile Include="D:\a\Aether\Aether\src\backend\security\SignatureScanner.cpp">
      <Filter>Source Files</Filter>
    </ClCompile>
    <ClCompile Include="D:\a\Aether\Aether\src\backend\stealth\StealthTechniques.cpp">
      <Filter>Source Files</Filter>
    </ClCompile>
    <ClCompile Include="D:\a\Aether\Aether\src\backend\syscall\SyscallEvasion.cpp">
      <Filter>Source Files</Filter>
    </ClCompile>
    <ClCompile Include="D:\a\Aether\Aether\src\backend\vm\BytecodeOptimizer.cpp">
      <Filter>Source Files</Filter>
    </ClCompile>
    <ClCompile Include="D:\a\Aether\Aether\src\backend\vm\Compiler.cpp">
      <Filter>Source Files</Filter>
    </ClCompile>
    <ClCompile Include="D:\a\Aether\Aether\src\backend\vm\JITCompiler.cpp">
      <Filter>Source Files</Filter>
    </ClCompile>
    <ClCompile Include="D:\a\Aether\Aether\src\backend\vm\VirtualMachine.cpp">
      <Filter>Source Files</Filter>
    </ClCompile>
  </ItemGroup>
  <ItemGroup>
    <CustomBuild Include="D:\a\Aether\Aether\src\backend\CMakeLists.txt" />
  </ItemGroup>
  <ItemGroup>
    <Filter Include="Source Files">
      <UniqueIdentifier>{BA387E1D-FAC7-3D5B-A66C-58C20CD95B1A}</UniqueIdentifier>
    </Filter>
  </ItemGroup>
</Project>
