
Microsoft Visual Studio Solution File, Format Version 12.00
# Visual Studio Version 17
Project("{8BC9CEB8-8B4A-11D0-8D11-00A0C91BC942}") = "aether_setup", "src\setup\aether_setup.vcxproj", "{7729C0DD-8E51-334E-9724-170A4EA00E2C}"
	ProjectSection(ProjectDependencies) = postProject
		{A2CF1DF2-06BF-3711-A0A3-6BE925F7A3F3} = {A2CF1DF2-06BF-3711-A0A3-6BE925F7A3F3}
	EndProjectSection
EndProject
Project("{8BC9CEB8-8B4A-11D0-8D11-00A0C91BC942}") = "ALL_BUILD", "ALL_BUILD.vcxproj", "{4371FFE5-BA46-386B-85AD-13AE041282FD}"
	ProjectSection(ProjectDependencies) = postProject
		{A2CF1DF2-06BF-3711-A0A3-6BE925F7A3F3} = {A2CF1DF2-06BF-3711-A0A3-6BE925F7A3F3}
		{E575E9AF-6F49-3F08-B262-3322D9CA1DF6} = {E575E9AF-6F49-3F08-B262-3322D9CA1DF6}
		{31654528-700A-3D77-965C-8F6D95240A2F} = {31654528-700A-3D77-965C-8F6D95240A2F}
		{7729C0DD-8E51-334E-9724-170A4EA00E2C} = {7729C0DD-8E51-334E-9724-170A4EA00E2C}
	EndProjectSection
EndProject
Project("{8BC9CEB8-8B4A-11D0-8D11-00A0C91BC942}") = "ZERO_CHECK", "ZERO_CHECK.vcxproj", "{A2CF1DF2-06BF-3711-A0A3-6BE925F7A3F3}"
	ProjectSection(ProjectDependencies) = postProject
	EndProjectSection
EndProject
Project("{8BC9CEB8-8B4A-11D0-8D11-00A0C91BC942}") = "aether_backend", "src\backend\aether_backend.vcxproj", "{E575E9AF-6F49-3F08-B262-3322D9CA1DF6}"
	ProjectSection(ProjectDependencies) = postProject
		{A2CF1DF2-06BF-3711-A0A3-6BE925F7A3F3} = {A2CF1DF2-06BF-3711-A0A3-6BE925F7A3F3}
	EndProjectSection
EndProject
Project("{8BC9CEB8-8B4A-11D0-8D11-00A0C91BC942}") = "aether_gui", "src\gui\aether_gui.vcxproj", "{31654528-700A-3D77-965C-8F6D95240A2F}"
	ProjectSection(ProjectDependencies) = postProject
		{A2CF1DF2-06BF-3711-A0A3-6BE925F7A3F3} = {A2CF1DF2-06BF-3711-A0A3-6BE925F7A3F3}
	EndProjectSection
EndProject
Global
	GlobalSection(SolutionConfigurationPlatforms) = preSolution
		Debug|x64 = Debug|x64
		Release|x64 = Release|x64
		MinSizeRel|x64 = MinSizeRel|x64
		RelWithDebInfo|x64 = RelWithDebInfo|x64
	EndGlobalSection
	GlobalSection(ProjectConfigurationPlatforms) = postSolution
		{7729C0DD-8E51-334E-9724-170A4EA00E2C}.Debug|x64.ActiveCfg = Debug|x64
		{7729C0DD-8E51-334E-9724-170A4EA00E2C}.Debug|x64.Build.0 = Debug|x64
		{7729C0DD-8E51-334E-9724-170A4EA00E2C}.Release|x64.ActiveCfg = Release|x64
		{7729C0DD-8E51-334E-9724-170A4EA00E2C}.Release|x64.Build.0 = Release|x64
		{7729C0DD-8E51-334E-9724-170A4EA00E2C}.MinSizeRel|x64.ActiveCfg = MinSizeRel|x64
		{7729C0DD-8E51-334E-9724-170A4EA00E2C}.MinSizeRel|x64.Build.0 = MinSizeRel|x64
		{7729C0DD-8E51-334E-9724-170A4EA00E2C}.RelWithDebInfo|x64.ActiveCfg = RelWithDebInfo|x64
		{7729C0DD-8E51-334E-9724-170A4EA00E2C}.RelWithDebInfo|x64.Build.0 = RelWithDebInfo|x64
		{4371FFE5-BA46-386B-85AD-13AE041282FD}.Debug|x64.ActiveCfg = Debug|x64
		{4371FFE5-BA46-386B-85AD-13AE041282FD}.Release|x64.ActiveCfg = Release|x64
		{4371FFE5-BA46-386B-85AD-13AE041282FD}.MinSizeRel|x64.ActiveCfg = MinSizeRel|x64
		{4371FFE5-BA46-386B-85AD-13AE041282FD}.RelWithDebInfo|x64.ActiveCfg = RelWithDebInfo|x64
		{A2CF1DF2-06BF-3711-A0A3-6BE925F7A3F3}.Debug|x64.ActiveCfg = Debug|x64
		{A2CF1DF2-06BF-3711-A0A3-6BE925F7A3F3}.Debug|x64.Build.0 = Debug|x64
		{A2CF1DF2-06BF-3711-A0A3-6BE925F7A3F3}.Release|x64.ActiveCfg = Release|x64
		{A2CF1DF2-06BF-3711-A0A3-6BE925F7A3F3}.Release|x64.Build.0 = Release|x64
		{A2CF1DF2-06BF-3711-A0A3-6BE925F7A3F3}.MinSizeRel|x64.ActiveCfg = MinSizeRel|x64
		{A2CF1DF2-06BF-3711-A0A3-6BE925F7A3F3}.MinSizeRel|x64.Build.0 = MinSizeRel|x64
		{A2CF1DF2-06BF-3711-A0A3-6BE925F7A3F3}.RelWithDebInfo|x64.ActiveCfg = RelWithDebInfo|x64
		{A2CF1DF2-06BF-3711-A0A3-6BE925F7A3F3}.RelWithDebInfo|x64.Build.0 = RelWithDebInfo|x64
		{E575E9AF-6F49-3F08-B262-3322D9CA1DF6}.Debug|x64.ActiveCfg = Debug|x64
		{E575E9AF-6F49-3F08-B262-3322D9CA1DF6}.Debug|x64.Build.0 = Debug|x64
		{E575E9AF-6F49-3F08-B262-3322D9CA1DF6}.Release|x64.ActiveCfg = Release|x64
		{E575E9AF-6F49-3F08-B262-3322D9CA1DF6}.Release|x64.Build.0 = Release|x64
		{E575E9AF-6F49-3F08-B262-3322D9CA1DF6}.MinSizeRel|x64.ActiveCfg = MinSizeRel|x64
		{E575E9AF-6F49-3F08-B262-3322D9CA1DF6}.MinSizeRel|x64.Build.0 = MinSizeRel|x64
		{E575E9AF-6F49-3F08-B262-3322D9CA1DF6}.RelWithDebInfo|x64.ActiveCfg = RelWithDebInfo|x64
		{E575E9AF-6F49-3F08-B262-3322D9CA1DF6}.RelWithDebInfo|x64.Build.0 = RelWithDebInfo|x64
		{31654528-700A-3D77-965C-8F6D95240A2F}.Debug|x64.ActiveCfg = Debug|x64
		{31654528-700A-3D77-965C-8F6D95240A2F}.Debug|x64.Build.0 = Debug|x64
		{31654528-700A-3D77-965C-8F6D95240A2F}.Release|x64.ActiveCfg = Release|x64
		{31654528-700A-3D77-965C-8F6D95240A2F}.Release|x64.Build.0 = Release|x64
		{31654528-700A-3D77-965C-8F6D95240A2F}.MinSizeRel|x64.ActiveCfg = MinSizeRel|x64
		{31654528-700A-3D77-965C-8F6D95240A2F}.MinSizeRel|x64.Build.0 = MinSizeRel|x64
		{31654528-700A-3D77-965C-8F6D95240A2F}.RelWithDebInfo|x64.ActiveCfg = RelWithDebInfo|x64
		{31654528-700A-3D77-965C-8F6D95240A2F}.RelWithDebInfo|x64.Build.0 = RelWithDebInfo|x64
	EndGlobalSection
	GlobalSection(ExtensibilityGlobals) = postSolution
		SolutionGuid = {6F073E01-2955-30D8-B6AA-B514875BE523}
	EndGlobalSection
	GlobalSection(ExtensibilityAddIns) = postSolution
	EndGlobalSection
EndGlobal
